
Microsoft Visual Studio Solution File, Format Version 12.00
# Visual Studio Version 17
VisualStudioVersion = 17.0.31903.59
MinimumVisualStudioVersion = 10.0.40219.1
Project("{9A19103F-16F7-4668-BE54-9A1E7A4F7556}") = "StallSync.Core", "StallSync.Core\StallSync.Core.csproj", "{29153A32-C1AA-4B31-B1AC-84569479E5C3}"
EndProject
Project("{9A19103F-16F7-4668-BE54-9A1E7A4F7556}") = "StallSync.Test", "StallSync.Test\StallSync.Test.csproj", "{F348982C-F3BC-42C9-AC11-A5C39FB52CF8}"
EndProject
Global
	GlobalSection(SolutionConfigurationPlatforms) = preSolution
		Debug|Any CPU = Debug|Any CPU
		Debug|x64 = Debug|x64
		Debug|x86 = Debug|x86
		Release|Any CPU = Release|Any CPU
		Release|x64 = Release|x64
		Release|x86 = Release|x86
	EndGlobalSection
	GlobalSection(ProjectConfigurationPlatforms) = postSolution
		{29153A32-C1AA-4B31-B1AC-84569479E5C3}.Debug|Any CPU.ActiveCfg = Debug|Any CPU
		{29153A32-C1AA-4B31-B1AC-84569479E5C3}.Debug|Any CPU.Build.0 = Debug|Any CPU
		{29153A32-C1AA-4B31-B1AC-84569479E5C3}.Debug|x64.ActiveCfg = Debug|Any CPU
		{29153A32-C1AA-4B31-B1AC-84569479E5C3}.Debug|x64.Build.0 = Debug|Any CPU
		{29153A32-C1AA-4B31-B1AC-84569479E5C3}.Debug|x86.ActiveCfg = Debug|Any CPU
		{29153A32-C1AA-4B31-B1AC-84569479E5C3}.Debug|x86.Build.0 = Debug|Any CPU
		{29153A32-C1AA-4B31-B1AC-84569479E5C3}.Release|Any CPU.ActiveCfg = Release|Any CPU
		{29153A32-C1AA-4B31-B1AC-84569479E5C3}.Release|Any CPU.Build.0 = Release|Any CPU
		{29153A32-C1AA-4B31-B1AC-84569479E5C3}.Release|x64.ActiveCfg = Release|Any CPU
		{29153A32-C1AA-4B31-B1AC-84569479E5C3}.Release|x64.Build.0 = Release|Any CPU
		{29153A32-C1AA-4B31-B1AC-84569479E5C3}.Release|x86.ActiveCfg = Release|Any CPU
		{29153A32-C1AA-4B31-B1AC-84569479E5C3}.Release|x86.Build.0 = Release|Any CPU
		{F348982C-F3BC-42C9-AC11-A5C39FB52CF8}.Debug|Any CPU.ActiveCfg = Debug|Any CPU
		{F348982C-F3BC-42C9-AC11-A5C39FB52CF8}.Debug|Any CPU.Build.0 = Debug|Any CPU
		{F348982C-F3BC-42C9-AC11-A5C39FB52CF8}.Debug|x64.ActiveCfg = Debug|Any CPU
		{F348982C-F3BC-42C9-AC11-A5C39FB52CF8}.Debug|x64.Build.0 = Debug|Any CPU
		{F348982C-F3BC-42C9-AC11-A5C39FB52CF8}.Debug|x86.ActiveCfg = Debug|Any CPU
		{F348982C-F3BC-42C9-AC11-A5C39FB52CF8}.Debug|x86.Build.0 = Debug|Any CPU
		{F348982C-F3BC-42C9-AC11-A5C39FB52CF8}.Release|Any CPU.ActiveCfg = Release|Any CPU
		{F348982C-F3BC-42C9-AC11-A5C39FB52CF8}.Release|Any CPU.Build.0 = Release|Any CPU
		{F348982C-F3BC-42C9-AC11-A5C39FB52CF8}.Release|x64.ActiveCfg = Release|Any CPU
		{F348982C-F3BC-42C9-AC11-A5C39FB52CF8}.Release|x64.Build.0 = Release|Any CPU
		{F348982C-F3BC-42C9-AC11-A5C39FB52CF8}.Release|x86.ActiveCfg = Release|Any CPU
		{F348982C-F3BC-42C9-AC11-A5C39FB52CF8}.Release|x86.Build.0 = Release|Any CPU
	EndGlobalSection
	GlobalSection(SolutionProperties) = preSolution
		HideSolutionNode = FALSE
	EndGlobalSection
EndGlobal
